
Microsoft Visual Studio Solution File, Format Version 12.00
# Visual Studio 15
Project("{FAE04EC0-301F-11D3-BF4B-00C04F79EFBC}") = "WhoMeBroadcastReceiverViewer.Android", "WhoMeBroadcastReceiverViewer.Android\WhoMeBroadcastReceiverViewer.Android.csproj", "{FDD3B6B8-0C30-4599-9E62-75E5C4041876}"
EndProject
Project("{FAE04EC0-301F-11D3-BF4B-00C04F79EFBC}") = "WhoMeBroadcastReceiverViewer", "WhoMeBroadcastReceiverViewer\WhoMeBroadcastReceiverViewer.csproj", "{29FDE827-7A79-4DE1-BD85-F10FB2B07B03}"
EndProject
Global
	GlobalSection(SolutionConfigurationPlatforms) = preSolution
		Debug|Any CPU = Debug|Any CPU
		Release|Any CPU = Release|Any CPU
	EndGlobalSection
	GlobalSection(ProjectConfigurationPlatforms) = postSolution
		{FDD3B6B8-0C30-4599-9E62-75E5C4041876}.Debug|Any CPU.ActiveCfg = Debug|Any CPU
		{FDD3B6B8-0C30-4599-9E62-75E5C4041876}.Debug|Any CPU.Build.0 = Debug|Any CPU
		{FDD3B6B8-0C30-4599-9E62-75E5C4041876}.Release|Any CPU.ActiveCfg = Release|Any CPU
		{FDD3B6B8-0C30-4599-9E62-75E5C4041876}.Release|Any CPU.Build.0 = Release|Any CPU
		{29FDE827-7A79-4DE1-BD85-F10FB2B07B03}.Debug|Any CPU.ActiveCfg = Debug|Any CPU
		{29FDE827-7A79-4DE1-BD85-F10FB2B07B03}.Debug|Any CPU.Build.0 = Debug|Any CPU
		{29FDE827-7A79-4DE1-BD85-F10FB2B07B03}.Release|Any CPU.ActiveCfg = Release|Any CPU
		{29FDE827-7A79-4DE1-BD85-F10FB2B07B03}.Release|Any CPU.Build.0 = Release|Any CPU
	EndGlobalSection
EndGlobal
